
Microsoft Visual Studio Solution File, Format Version 12.00
# Visual Studio Version 17
VisualStudioVersion = 17.3.32825.248
MinimumVisualStudioVersion = 10.0.40219.1
Project("{FAE04EC0-301F-11D3-BF4B-00C04F79EFBC}") = "Zuma", "Zuma\Zuma.csproj", "{26E5E971-0F38-4139-8046-8B7A12A51FB2}"
EndProject
Global
	GlobalSection(SolutionConfigurationPlatforms) = preSolution
		Debug|Any CPU = Debug|Any CPU
		Release|Any CPU = Release|Any CPU
	EndGlobalSection
	GlobalSection(ProjectConfigurationPlatforms) = postSolution
		{26E5E971-0F38-4139-8046-8B7A12A51FB2}.Debug|Any CPU.ActiveCfg = Debug|Any CPU
		{26E5E971-0F38-4139-8046-8B7A12A51FB2}.Debug|Any CPU.Build.0 = Debug|Any CPU
		{26E5E971-0F38-4139-8046-8B7A12A51FB2}.Release|Any CPU.ActiveCfg = Release|Any CPU
		{26E5E971-0F38-4139-8046-8B7A12A51FB2}.Release|Any CPU.Build.0 = Release|Any CPU
	EndGlobalSection
	GlobalSection(SolutionProperties) = preSolution
		HideSolutionNode = FALSE
	EndGlobalSection
	GlobalSection(ExtensibilityGlobals) = postSolution
		SolutionGuid = {10B09557-6AEF-4B95-9050-07FD5A43DD22}
	EndGlobalSection
EndGlobal
